
Microsoft Visual Studio Solution File, Format Version 12.00
# Visual Studio Version 17
VisualStudioVersion = 17.14.36203.30 d17.14
MinimumVisualStudioVersion = 10.0.40219.1
Project("{888888A0-9F3D-457C-B088-3A5042F75D52}") = "GREP", "GREP\GREP.pyproj", "{1CCE57DB-8C3E-4C98-B8C5-27F4A774C01D}"
EndProject
Global
	GlobalSection(SolutionConfigurationPlatforms) = preSolution
		Debug|Any CPU = Debug|Any CPU
		Release|Any CPU = Release|Any CPU
	EndGlobalSection
	GlobalSection(ProjectConfigurationPlatforms) = postSolution
		{1CCE57DB-8C3E-4C98-B8C5-27F4A774C01D}.Debug|Any CPU.ActiveCfg = Debug|Any CPU
		{1CCE57DB-8C3E-4C98-B8C5-27F4A774C01D}.Release|Any CPU.ActiveCfg = Release|Any CPU
	EndGlobalSection
	GlobalSection(SolutionProperties) = preSolution
		HideSolutionNode = FALSE
	EndGlobalSection
	GlobalSection(ExtensibilityGlobals) = postSolution
		SolutionGuid = {46FE63D9-3E1C-4587-9444-7722A9463915}
	EndGlobalSection
EndGlobal
