
Microsoft Visual Studio Solution File, Format Version 12.00
# Visual Studio Version 17
VisualStudioVersion = 17.14.36203.30 d17.14
MinimumVisualStudioVersion = 10.0.40219.1
Project("{888888A0-9F3D-457C-B088-3A5042F75D52}") = "Files", "Files\Files.pyproj", "{B77AD81C-1CC6-4EF9-B8F5-91CF5FF5AF7C}"
EndProject
Global
	GlobalSection(SolutionConfigurationPlatforms) = preSolution
		Debug|Any CPU = Debug|Any CPU
		Release|Any CPU = Release|Any CPU
	EndGlobalSection
	GlobalSection(ProjectConfigurationPlatforms) = postSolution
		{B77AD81C-1CC6-4EF9-B8F5-91CF5FF5AF7C}.Debug|Any CPU.ActiveCfg = Debug|Any CPU
		{B77AD81C-1CC6-4EF9-B8F5-91CF5FF5AF7C}.Release|Any CPU.ActiveCfg = Release|Any CPU
	EndGlobalSection
	GlobalSection(SolutionProperties) = preSolution
		HideSolutionNode = FALSE
	EndGlobalSection
	GlobalSection(ExtensibilityGlobals) = postSolution
		SolutionGuid = {E0BC6E14-6F93-4E91-B4F0-CC105A96827A}
	EndGlobalSection
EndGlobal
