
Microsoft Visual Studio Solution File, Format Version 12.00
# Visual Studio Version 17
VisualStudioVersion = 17.14.36203.30 d17.14
MinimumVisualStudioVersion = 10.0.40219.1
Project("{888888A0-9F3D-457C-B088-3A5042F75D52}") = "Py-Fest (AI Version Test)", "Py-Fest (AI Version Test)\Py-Fest (AI Version Test).pyproj", "{76F15EBE-A610-4208-A56A-C9D7CD792B37}"
EndProject
Global
	GlobalSection(SolutionConfigurationPlatforms) = preSolution
		Debug|Any CPU = Debug|Any CPU
		Release|Any CPU = Release|Any CPU
	EndGlobalSection
	GlobalSection(ProjectConfigurationPlatforms) = postSolution
		{76F15EBE-A610-4208-A56A-C9D7CD792B37}.Debug|Any CPU.ActiveCfg = Debug|Any CPU
		{76F15EBE-A610-4208-A56A-C9D7CD792B37}.Release|Any CPU.ActiveCfg = Release|Any CPU
	EndGlobalSection
	GlobalSection(SolutionProperties) = preSolution
		HideSolutionNode = FALSE
	EndGlobalSection
	GlobalSection(ExtensibilityGlobals) = postSolution
		SolutionGuid = {EA4B3975-D390-4B9B-865A-850C3CF21C22}
	EndGlobalSection
EndGlobal
